
Microsoft Visual Studio Solution File, Format Version 12.00
# Visual Studio Version 17
VisualStudioVersion = 17.5.33424.131
MinimumVisualStudioVersion = 10.0.40219.1
Project("{FAE04EC0-301F-11D3-BF4B-00C04F79EFBC}") = "BlazorTutorial.WebApp", "BlazorTutorial.WebApp\BlazorTutorial.WebApp.csproj", "{680CDC18-B176-4781-B960-76F1DE31F056}"
EndProject
Project("{FAE04EC0-301F-11D3-BF4B-00C04F79EFBC}") = "BlazorTutorial.UseCases", "BlazortTutorial.UseCases\BlazorTutorial.UseCases.csproj", "{DBD5B25C-6FFA-42FA-AC05-20CD50234E6D}"
EndProject
Project("{FAE04EC0-301F-11D3-BF4B-00C04F79EFBC}") = "BlazorTutorial.CoreBusiness", "BlazorTutorial.CoreBusiness\BlazorTutorial.CoreBusiness.csproj", "{6BE14FE0-CCB3-470F-B97F-8F656CE87D81}"
EndProject
Project("{2150E333-8FDC-42A3-9474-1A3956D46DE8}") = "BlazorTutorial.Plugins", "BlazorTutorial.Plugins", "{1C5BAA28-6CB6-4F18-95F5-D00C3FE9683A}"
EndProject
Project("{FAE04EC0-301F-11D3-BF4B-00C04F79EFBC}") = "BlazorTutorial.Plugins.InMemory", "BlazorTutorial.Plugins.InMemory\BlazorTutorial.Plugins.InMemory.csproj", "{53F095B7-5010-40E5-852F-0BC59991931C}"
EndProject
Global
	GlobalSection(SolutionConfigurationPlatforms) = preSolution
		Debug|Any CPU = Debug|Any CPU
		Release|Any CPU = Release|Any CPU
	EndGlobalSection
	GlobalSection(ProjectConfigurationPlatforms) = postSolution
		{680CDC18-B176-4781-B960-76F1DE31F056}.Debug|Any CPU.ActiveCfg = Debug|Any CPU
		{680CDC18-B176-4781-B960-76F1DE31F056}.Debug|Any CPU.Build.0 = Debug|Any CPU
		{680CDC18-B176-4781-B960-76F1DE31F056}.Release|Any CPU.ActiveCfg = Release|Any CPU
		{680CDC18-B176-4781-B960-76F1DE31F056}.Release|Any CPU.Build.0 = Release|Any CPU
		{DBD5B25C-6FFA-42FA-AC05-20CD50234E6D}.Debug|Any CPU.ActiveCfg = Debug|Any CPU
		{DBD5B25C-6FFA-42FA-AC05-20CD50234E6D}.Debug|Any CPU.Build.0 = Debug|Any CPU
		{DBD5B25C-6FFA-42FA-AC05-20CD50234E6D}.Release|Any CPU.ActiveCfg = Release|Any CPU
		{DBD5B25C-6FFA-42FA-AC05-20CD50234E6D}.Release|Any CPU.Build.0 = Release|Any CPU
		{6BE14FE0-CCB3-470F-B97F-8F656CE87D81}.Debug|Any CPU.ActiveCfg = Debug|Any CPU
		{6BE14FE0-CCB3-470F-B97F-8F656CE87D81}.Debug|Any CPU.Build.0 = Debug|Any CPU
		{6BE14FE0-CCB3-470F-B97F-8F656CE87D81}.Release|Any CPU.ActiveCfg = Release|Any CPU
		{6BE14FE0-CCB3-470F-B97F-8F656CE87D81}.Release|Any CPU.Build.0 = Release|Any CPU
		{53F095B7-5010-40E5-852F-0BC59991931C}.Debug|Any CPU.ActiveCfg = Debug|Any CPU
		{53F095B7-5010-40E5-852F-0BC59991931C}.Debug|Any CPU.Build.0 = Debug|Any CPU
		{53F095B7-5010-40E5-852F-0BC59991931C}.Release|Any CPU.ActiveCfg = Release|Any CPU
		{53F095B7-5010-40E5-852F-0BC59991931C}.Release|Any CPU.Build.0 = Release|Any CPU
	EndGlobalSection
	GlobalSection(SolutionProperties) = preSolution
		HideSolutionNode = FALSE
	EndGlobalSection
	GlobalSection(NestedProjects) = preSolution
		{53F095B7-5010-40E5-852F-0BC59991931C} = {1C5BAA28-6CB6-4F18-95F5-D00C3FE9683A}
	EndGlobalSection
	GlobalSection(ExtensibilityGlobals) = postSolution
		SolutionGuid = {1810E789-8FE0-4F6D-AD08-CF90CCFF9D20}
	EndGlobalSection
EndGlobal
